
Microsoft Visual Studio Solution File, Format Version 12.00
# Visual Studio Version 18
VisualStudioVersion = 18.1.11304.174 d18.0
MinimumVisualStudioVersion = 10.0.40219.1
Project("{FAE04EC0-301F-11D3-BF4B-00C04F79EFBC}") = "LKEYIN_WPF", "LKEYIN_WPF.csproj", "{AC4BF64C-81D9-C555-C792-FE5014FD9C65}"
EndProject
Global
	GlobalSection(SolutionConfigurationPlatforms) = preSolution
		Debug|Any CPU = Debug|Any CPU
		Debug|x64 = Debug|x64
		Release|Any CPU = Release|Any CPU
		Release|x64 = Release|x64
	EndGlobalSection
	GlobalSection(ProjectConfigurationPlatforms) = postSolution
		{AC4BF64C-81D9-C555-C792-FE5014FD9C65}.Debug|Any CPU.ActiveCfg = Debug|Any CPU
		{AC4BF64C-81D9-C555-C792-FE5014FD9C65}.Debug|Any CPU.Build.0 = Debug|Any CPU
		{AC4BF64C-81D9-C555-C792-FE5014FD9C65}.Debug|x64.ActiveCfg = Debug|x64
		{AC4BF64C-81D9-C555-C792-FE5014FD9C65}.Debug|x64.Build.0 = Debug|x64
		{AC4BF64C-81D9-C555-C792-FE5014FD9C65}.Release|Any CPU.ActiveCfg = Release|Any CPU
		{AC4BF64C-81D9-C555-C792-FE5014FD9C65}.Release|Any CPU.Build.0 = Release|Any CPU
		{AC4BF64C-81D9-C555-C792-FE5014FD9C65}.Release|x64.ActiveCfg = Release|x64
		{AC4BF64C-81D9-C555-C792-FE5014FD9C65}.Release|x64.Build.0 = Release|x64
	EndGlobalSection
	GlobalSection(SolutionProperties) = preSolution
		HideSolutionNode = FALSE
	EndGlobalSection
	GlobalSection(ExtensibilityGlobals) = postSolution
		SolutionGuid = {3FAF98D3-9CDD-408A-8933-3DD66D9931D6}
	EndGlobalSection
EndGlobal
